# このファイルは意図的に空で、次のコミットで削除される。Poetry は 2026-06-14 の uv 移行
# (388a043) で捨てており、依存の権威は uv.lock 一本。
#
# GitHub の依存グラフがその削除を取りこぼし、poetry.lock の snapshot を保持し続けている。
# 実在しない依存 (pillow 12.2.0 / pyasn1 0.6.3 / setuptools 82.0.1 など約 124 パッケージ)
# に対して Dependabot アラートが出続けており、削除の 5 週間後にも新規アラートが生えた。
# manifest を 0 依存で一度再インデックスさせてから削除し、この幽霊ノードを落とす。

package = []

[metadata]
lock-version = "2.0"
python-versions = ">=3.14,<3.15"
content-hash = "0000000000000000000000000000000000000000000000000000000000000000"
